
Microsoft Visual Studio Solution File, Format Version 12.00
# Visual Studio Version 17
VisualStudioVersion = 17.8.34330.188
MinimumVisualStudioVersion = 10.0.40219.1
Project("{FAE04EC0-301F-11D3-BF4B-00C04F79EFBC}") = "MySimpleDictionary", "MySimpleDictionary.csproj", "{EF55BF6E-13FB-400F-83D9-DF39B27869C9}"
EndProject
Project("{2150E333-8FDC-42A3-9474-1A3956D46DE8}") = "Solution Items", "Solution Items", "{F2F21209-BDF0-4F71-86E0-34090B45A33B}"
	ProjectSection(SolutionItems) = preProject
		MySimpleDictionary.cs = MySimpleDictionary.cs
	EndProjectSection
EndProject
Global
	GlobalSection(SolutionConfigurationPlatforms) = preSolution
		Debug|Any CPU = Debug|Any CPU
		Release|Any CPU = Release|Any CPU
	EndGlobalSection
	GlobalSection(ProjectConfigurationPlatforms) = postSolution
		{EF55BF6E-13FB-400F-83D9-DF39B27869C9}.Debug|Any CPU.ActiveCfg = Debug|Any CPU
		{EF55BF6E-13FB-400F-83D9-DF39B27869C9}.Debug|Any CPU.Build.0 = Debug|Any CPU
		{EF55BF6E-13FB-400F-83D9-DF39B27869C9}.Release|Any CPU.ActiveCfg = Release|Any CPU
		{EF55BF6E-13FB-400F-83D9-DF39B27869C9}.Release|Any CPU.Build.0 = Release|Any CPU
	EndGlobalSection
	GlobalSection(SolutionProperties) = preSolution
		HideSolutionNode = FALSE
	EndGlobalSection
	GlobalSection(ExtensibilityGlobals) = postSolution
		SolutionGuid = {F394F8B3-8914-4B77-9FD5-17F618B75BFB}
	EndGlobalSection
EndGlobal
